github.com/YusufLena/golang-say-hello v1.0.0 h1:NaZc6NIOadpjttYpD1Zvo2y1uq/jUIE+me2fp4pGlyI=
github.com/YusufLena/golang-say-hello v1.0.0/go.mod h1:mEn2xDs4yZGBfj9d8C4Vt1un26AtFB3nlv45slNSbYE=
github.com/YusufLena/golang-say-hello v1.0.1 h1:JNBIz9nQsktCmRHDkvRoF5xZpCe4T8YZI/NXA7Ow0Zk=
github.com/YusufLena/golang-say-hello v1.0.1/go.mod h1:mEn2xDs4yZGBfj9d8C4Vt1un26AtFB3nlv45slNSbYE=
github.com/YusufLena/golang-say-hello/v2 v2.0.0 h1:sl+nj6ibKJ0oa5ZMlbqt1IA+pFz4EaXHwzC+J7WxmSQ=
github.com/YusufLena/golang-say-hello/v2 v2.0.0/go.mod h1:SXr9NaG7gzoVxBj2dBCSm+6gCf6/LwNDNeG4NAX9NgI=
github.com/YusufLena/golang-say-hello/v2 v2.0.1 h1:okgrfwBZbnjO1RW9u6e5j4Ipb22gYMS85uT1hWgpCbc=
github.com/YusufLena/golang-say-hello/v2 v2.0.1/go.mod h1:SXr9NaG7gzoVxBj2dBCSm+6gCf6/LwNDNeG4NAX9NgI=
github.com/YusufLena/golang-say-hello/v2 v2.0.2-0.20250418115115-67ecfdcafc43 h1:2DoHw+JdconZNvtsHaqzkrYrWNzZTDEXaoST7VUT7aM=
github.com/YusufLena/golang-say-hello/v2 v2.0.2-0.20250418115115-67ecfdcafc43/go.mod h1:SXr9NaG7gzoVxBj2dBCSm+6gCf6/LwNDNeG4NAX9NgI=
github.com/YusufLena/golang-say-hello/v2 v2.0.2 h1:HxFiXl4kVLhu7wAi16Qmi6RIKLU+ibJJEw1OfWsytNs=
github.com/YusufLena/golang-say-hello/v2 v2.0.2/go.mod h1:SXr9NaG7gzoVxBj2dBCSm+6gCf6/LwNDNeG4NAX9NgI=
github.com/YusufLena/golang-say-hello/v2 v2.0.3 h1:qWhvUMw5uXt1KZ9Wd4g6VpMlGv0NbKDDE6mxJpj5vDQ=
github.com/YusufLena/golang-say-hello/v2 v2.0.3/go.mod h1:SXr9NaG7gzoVxBj2dBCSm+6gCf6/LwNDNeG4NAX9NgI=
github.com/YusufLena/golang-say-hello/v3 v3.0.0 h1:GhqeBC32x01GUW+g3HvRhVjXhnoMNIZCX0LytpVa5j4=
github.com/YusufLena/golang-say-hello/v3 v3.0.0/go.mod h1:Tg17klhtLXwlfb1oGEy/8lVydNGnA7xmMP8qmYXviyE=
github.com/YusufLena/golang-say-hello/v3 v3.0.1 h1:eHvPS/+LqMsxzo/ai3fnN3fSrbtFypBBdhxQz8NwtXA=
github.com/YusufLena/golang-say-hello/v3 v3.0.1/go.mod h1:Tg17klhtLXwlfb1oGEy/8lVydNGnA7xmMP8qmYXviyE=
github.com/YusufLena/golang-say-hello/v3 v3.0.2 h1:abQawxgicoiFO/KpPdSfN4N1pDagDkwVtZfnsLoxBUc=
github.com/YusufLena/golang-say-hello/v3 v3.0.2/go.mod h1:Tg17klhtLXwlfb1oGEy/8lVydNGnA7xmMP8qmYXviyE=
github.com/YusufLena/golang-say-hello/v3 v3.0.3 h1:3iv73ZKiIW/nvdfjhM+Xm9eH2fBZW81Mx+dHmaE7ggA=
github.com/YusufLena/golang-say-hello/v3 v3.0.3/go.mod h1:Tg17klhtLXwlfb1oGEy/8lVydNGnA7xmMP8qmYXviyE=
github.com/YusufLena/golang-say-hello/v3 v3.0.4 h1:0S8e/+/qFApbIDW8tdiBNMNF3SKtEj3YXANqNNUW4nw=
github.com/YusufLena/golang-say-hello/v3 v3.0.4/go.mod h1:Tg17klhtLXwlfb1oGEy/8lVydNGnA7xmMP8qmYXviyE=
