github.com/YusufLena/golang-say-hello v1.0.0 h1:NaZc6NIOadpjttYpD1Zvo2y1uq/jUIE+me2fp4pGlyI=
github.com/YusufLena/golang-say-hello v1.0.0/go.mod h1:mEn2xDs4yZGBfj9d8C4Vt1un26AtFB3nlv45slNSbYE=
github.com/YusufLena/golang-say-hello v1.0.1 h1:JNBIz9nQsktCmRHDkvRoF5xZpCe4T8YZI/NXA7Ow0Zk=
github.com/YusufLena/golang-say-hello v1.0.1/go.mod h1:mEn2xDs4yZGBfj9d8C4Vt1un26AtFB3nlv45slNSbYE=
